
Microsoft Visual Studio Solution File, Format Version 12.00
# Visual Studio Version 16
VisualStudioVersion = 16.0.31515.178
MinimumVisualStudioVersion = 10.0.40219.1
Project("{FAE04EC0-301F-11D3-BF4B-00C04F79EFBC}") = "RF", "RF\RF.csproj", "{CFFFD3C5-2D8F-4332-B725-F09790E88625}"
EndProject
Global
	GlobalSection(SolutionConfigurationPlatforms) = preSolution
		Debug|Any CPU = Debug|Any CPU
		Release|Any CPU = Release|Any CPU
	EndGlobalSection
	GlobalSection(ProjectConfigurationPlatforms) = postSolution
		{CFFFD3C5-2D8F-4332-B725-F09790E88625}.Debug|Any CPU.ActiveCfg = Debug|Any CPU
		{CFFFD3C5-2D8F-4332-B725-F09790E88625}.Debug|Any CPU.Build.0 = Debug|Any CPU
		{CFFFD3C5-2D8F-4332-B725-F09790E88625}.Release|Any CPU.ActiveCfg = Release|Any CPU
		{CFFFD3C5-2D8F-4332-B725-F09790E88625}.Release|Any CPU.Build.0 = Release|Any CPU
	EndGlobalSection
	GlobalSection(SolutionProperties) = preSolution
		HideSolutionNode = FALSE
	EndGlobalSection
	GlobalSection(ExtensibilityGlobals) = postSolution
		SolutionGuid = {EABCE3CE-E37A-4540-B396-1E108A7F68D7}
	EndGlobalSection
EndGlobal
